
Microsoft Visual Studio Solution File, Format Version 12.00
# Visual Studio Version 16
VisualStudioVersion = 16.0.30907.101
MinimumVisualStudioVersion = 10.0.40219.1
Project("{FAE04EC0-301F-11D3-BF4B-00C04F79EFBC}") = "CovidVaccine.Android", "CovidVaccine.Android\CovidVaccine.Android.csproj", "{314E8D66-7FBF-48B9-84BD-5F78028CBD91}"
EndProject
Project("{FAE04EC0-301F-11D3-BF4B-00C04F79EFBC}") = "CovidVaccine.iOS", "CovidVaccine.iOS\CovidVaccine.iOS.csproj", "{4E5E4B63-4624-4D28-88FA-72D5673F67F9}"
EndProject
Project("{FAE04EC0-301F-11D3-BF4B-00C04F79EFBC}") = "CovidVaccine", "CovidVaccine\CovidVaccine.csproj", "{22DFE2E3-78C9-4F02-B54D-E81C49596B26}"
EndProject
Global
	GlobalSection(SolutionConfigurationPlatforms) = preSolution
		Debug|Any CPU = Debug|Any CPU
		Debug|iPhone = Debug|iPhone
		Debug|iPhoneSimulator = Debug|iPhoneSimulator
		Release|Any CPU = Release|Any CPU
		Release|iPhone = Release|iPhone
		Release|iPhoneSimulator = Release|iPhoneSimulator
	EndGlobalSection
	GlobalSection(ProjectConfigurationPlatforms) = postSolution
		{314E8D66-7FBF-48B9-84BD-5F78028CBD91}.Debug|Any CPU.ActiveCfg = Debug|Any CPU
		{314E8D66-7FBF-48B9-84BD-5F78028CBD91}.Debug|Any CPU.Build.0 = Debug|Any CPU
		{314E8D66-7FBF-48B9-84BD-5F78028CBD91}.Debug|Any CPU.Deploy.0 = Debug|Any CPU
		{314E8D66-7FBF-48B9-84BD-5F78028CBD91}.Debug|iPhone.ActiveCfg = Debug|Any CPU
		{314E8D66-7FBF-48B9-84BD-5F78028CBD91}.Debug|iPhone.Build.0 = Debug|Any CPU
		{314E8D66-7FBF-48B9-84BD-5F78028CBD91}.Debug|iPhone.Deploy.0 = Debug|Any CPU
		{314E8D66-7FBF-48B9-84BD-5F78028CBD91}.Debug|iPhoneSimulator.ActiveCfg = Debug|Any CPU
		{314E8D66-7FBF-48B9-84BD-5F78028CBD91}.Debug|iPhoneSimulator.Build.0 = Debug|Any CPU
		{314E8D66-7FBF-48B9-84BD-5F78028CBD91}.Debug|iPhoneSimulator.Deploy.0 = Debug|Any CPU
		{314E8D66-7FBF-48B9-84BD-5F78028CBD91}.Release|Any CPU.ActiveCfg = Release|Any CPU
		{314E8D66-7FBF-48B9-84BD-5F78028CBD91}.Release|Any CPU.Build.0 = Release|Any CPU
		{314E8D66-7FBF-48B9-84BD-5F78028CBD91}.Release|Any CPU.Deploy.0 = Release|Any CPU
		{314E8D66-7FBF-48B9-84BD-5F78028CBD91}.Release|iPhone.ActiveCfg = Release|Any CPU
		{314E8D66-7FBF-48B9-84BD-5F78028CBD91}.Release|iPhone.Build.0 = Release|Any CPU
		{314E8D66-7FBF-48B9-84BD-5F78028CBD91}.Release|iPhone.Deploy.0 = Release|Any CPU
		{314E8D66-7FBF-48B9-84BD-5F78028CBD91}.Release|iPhoneSimulator.ActiveCfg = Release|Any CPU
		{314E8D66-7FBF-48B9-84BD-5F78028CBD91}.Release|iPhoneSimulator.Build.0 = Release|Any CPU
		{314E8D66-7FBF-48B9-84BD-5F78028CBD91}.Release|iPhoneSimulator.Deploy.0 = Release|Any CPU
		{4E5E4B63-4624-4D28-88FA-72D5673F67F9}.Debug|Any CPU.ActiveCfg = Debug|iPhone
		{4E5E4B63-4624-4D28-88FA-72D5673F67F9}.Debug|Any CPU.Build.0 = Debug|iPhone
		{4E5E4B63-4624-4D28-88FA-72D5673F67F9}.Debug|Any CPU.Deploy.0 = Debug|iPhone
		{4E5E4B63-4624-4D28-88FA-72D5673F67F9}.Debug|iPhone.ActiveCfg = Debug|iPhone
		{4E5E4B63-4624-4D28-88FA-72D5673F67F9}.Debug|iPhone.Build.0 = Debug|iPhone
		{4E5E4B63-4624-4D28-88FA-72D5673F67F9}.Debug|iPhone.Deploy.0 = Debug|iPhone
		{4E5E4B63-4624-4D28-88FA-72D5673F67F9}.Debug|iPhoneSimulator.ActiveCfg = Debug|iPhoneSimulator
		{4E5E4B63-4624-4D28-88FA-72D5673F67F9}.Debug|iPhoneSimulator.Build.0 = Debug|iPhoneSimulator
		{4E5E4B63-4624-4D28-88FA-72D5673F67F9}.Debug|iPhoneSimulator.Deploy.0 = Debug|iPhoneSimulator
		{4E5E4B63-4624-4D28-88FA-72D5673F67F9}.Release|Any CPU.ActiveCfg = Release|iPhoneSimulator
		{4E5E4B63-4624-4D28-88FA-72D5673F67F9}.Release|Any CPU.Build.0 = Release|iPhoneSimulator
		{4E5E4B63-4624-4D28-88FA-72D5673F67F9}.Release|Any CPU.Deploy.0 = Release|iPhoneSimulator
		{4E5E4B63-4624-4D28-88FA-72D5673F67F9}.Release|iPhone.ActiveCfg = Release|iPhone
		{4E5E4B63-4624-4D28-88FA-72D5673F67F9}.Release|iPhone.Build.0 = Release|iPhone
		{4E5E4B63-4624-4D28-88FA-72D5673F67F9}.Release|iPhone.Deploy.0 = Release|iPhone
		{4E5E4B63-4624-4D28-88FA-72D5673F67F9}.Release|iPhoneSimulator.ActiveCfg = Release|iPhoneSimulator
		{4E5E4B63-4624-4D28-88FA-72D5673F67F9}.Release|iPhoneSimulator.Build.0 = Release|iPhoneSimulator
		{4E5E4B63-4624-4D28-88FA-72D5673F67F9}.Release|iPhoneSimulator.Deploy.0 = Release|iPhoneSimulator
		{22DFE2E3-78C9-4F02-B54D-E81C49596B26}.Debug|Any CPU.ActiveCfg = Debug|Any CPU
		{22DFE2E3-78C9-4F02-B54D-E81C49596B26}.Debug|Any CPU.Build.0 = Debug|Any CPU
		{22DFE2E3-78C9-4F02-B54D-E81C49596B26}.Debug|Any CPU.Deploy.0 = Debug|Any CPU
		{22DFE2E3-78C9-4F02-B54D-E81C49596B26}.Debug|iPhone.ActiveCfg = Debug|Any CPU
		{22DFE2E3-78C9-4F02-B54D-E81C49596B26}.Debug|iPhone.Build.0 = Debug|Any CPU
		{22DFE2E3-78C9-4F02-B54D-E81C49596B26}.Debug|iPhone.Deploy.0 = Debug|Any CPU
		{22DFE2E3-78C9-4F02-B54D-E81C49596B26}.Debug|iPhoneSimulator.ActiveCfg = Debug|Any CPU
		{22DFE2E3-78C9-4F02-B54D-E81C49596B26}.Debug|iPhoneSimulator.Build.0 = Debug|Any CPU
		{22DFE2E3-78C9-4F02-B54D-E81C49596B26}.Debug|iPhoneSimulator.Deploy.0 = Debug|Any CPU
		{22DFE2E3-78C9-4F02-B54D-E81C49596B26}.Release|Any CPU.ActiveCfg = Release|Any CPU
		{22DFE2E3-78C9-4F02-B54D-E81C49596B26}.Release|Any CPU.Build.0 = Release|Any CPU
		{22DFE2E3-78C9-4F02-B54D-E81C49596B26}.Release|Any CPU.Deploy.0 = Release|Any CPU
		{22DFE2E3-78C9-4F02-B54D-E81C49596B26}.Release|iPhone.ActiveCfg = Release|Any CPU
		{22DFE2E3-78C9-4F02-B54D-E81C49596B26}.Release|iPhone.Build.0 = Release|Any CPU
		{22DFE2E3-78C9-4F02-B54D-E81C49596B26}.Release|iPhone.Deploy.0 = Release|Any CPU
		{22DFE2E3-78C9-4F02-B54D-E81C49596B26}.Release|iPhoneSimulator.ActiveCfg = Release|Any CPU
		{22DFE2E3-78C9-4F02-B54D-E81C49596B26}.Release|iPhoneSimulator.Build.0 = Release|Any CPU
		{22DFE2E3-78C9-4F02-B54D-E81C49596B26}.Release|iPhoneSimulator.Deploy.0 = Release|Any CPU
	EndGlobalSection
	GlobalSection(SolutionProperties) = preSolution
		HideSolutionNode = FALSE
	EndGlobalSection
	GlobalSection(ExtensibilityGlobals) = postSolution
		SolutionGuid = {B5644790-1FEF-4EE5-9142-6D11D721FF33}
	EndGlobalSection
EndGlobal
